{
  "name": "Taller 1 ",
  "lockfileVersion": 3,
  "requires": true,
  "packages": {
    "": {
      "dependencies": {
        "birthday-calculator": "^1.0.0"
      },
      "devDependencies": {
        "convert-seconds": "^1.0.1",
        "is-hex-color-code": "^1.0.0",
        "week": "^0.2.0"
      }
    },
    "node_modules/birthday-calculator": {
      "version": "1.0.0",
      "resolved": "https://registry.npmjs.org/birthday-calculator/-/birthday-calculator-1.0.0.tgz",
      "integrity": "sha512-i60c7+iPsZrPt4kDNMJ0SB7Va+dOXQrv2jX1h1mDaeSNBUVBul0qCYezs4Q9uiO+tPLNDNyaoSoyx4ST91QmkQ=="
    },
    "node_modules/convert-seconds": {
      "version": "1.0.1",
      "resolved": "https://registry.npmjs.org/convert-seconds/-/convert-seconds-1.0.1.tgz",
      "integrity": "sha512-sVm4eDiYQwnPXlsG+Xm8uO97X2DEEoVvG9ygc3bASsaF1iPPBIQIjtR5FFGZN1sAokjbyG/t6XayLtp21n6dEw==",
      "dev": true
    },
    "node_modules/is-hex-color-code": {
      "version": "1.0.0",
      "resolved": "https://registry.npmjs.org/is-hex-color-code/-/is-hex-color-code-1.0.0.tgz",
      "integrity": "sha512-oIiW3sQ+beYj4M156VRHkkZr5/acKbcPPoQB/qI6Pg9Qkd4EhaGppRYsyr1B1ZM2GiaE33vI0TtbGlZneh3LlQ==",
      "dev": true
    },
    "node_modules/week": {
      "version": "0.2.0",
      "resolved": "https://registry.npmjs.org/week/-/week-0.2.0.tgz",
      "integrity": "sha512-2JJFOdCK3boAV9cSwCP3BIIrB9erqz1tISdQKU8fAFDeHDoWCNQPEDoJInXV4xfZK4JyrvLSBUAAU0IQiA57iQ==",
      "dev": true,
      "engines": {
        "node": ">=0.8"
      }
    }
  }
}
